
Microsoft Visual Studio Solution File, Format Version 12.00
# Visual Studio Version 17
VisualStudioVersion = 17.11.35222.181
MinimumVisualStudioVersion = 10.0.40219.1
Project("{FAE04EC0-301F-11D3-BF4B-00C04F79EFBC}") = "SIMS", "SIMS\SIMS.csproj", "{53982A50-D04A-4CDE-ACB4-F2D317FAE11C}"
EndProject
Global
	GlobalSection(SolutionConfigurationPlatforms) = preSolution
		Debug|Any CPU = Debug|Any CPU
		Release|Any CPU = Release|Any CPU
	EndGlobalSection
	GlobalSection(ProjectConfigurationPlatforms) = postSolution
		{53982A50-D04A-4CDE-ACB4-F2D317FAE11C}.Debug|Any CPU.ActiveCfg = Debug|Any CPU
		{53982A50-D04A-4CDE-ACB4-F2D317FAE11C}.Debug|Any CPU.Build.0 = Debug|Any CPU
		{53982A50-D04A-4CDE-ACB4-F2D317FAE11C}.Release|Any CPU.ActiveCfg = Release|Any CPU
		{53982A50-D04A-4CDE-ACB4-F2D317FAE11C}.Release|Any CPU.Build.0 = Release|Any CPU
	EndGlobalSection
	GlobalSection(SolutionProperties) = preSolution
		HideSolutionNode = FALSE
	EndGlobalSection
	GlobalSection(ExtensibilityGlobals) = postSolution
		SolutionGuid = {4E0E63FA-C148-4D4F-8A4F-A506AE91B969}
	EndGlobalSection
EndGlobal
